<?xml version="1.0" encoding="utf-8"?>
<Project ToolsVersion="4.0" xmlns="http://schemas.microsoft.com/developer/msbuild/2003">
  <ItemGroup>
    <Filter Include="Source Files">
      <UniqueIdentifier>{4FC737F1-C7A5-4376-A066-2A32D752A2FF}</UniqueIdentifier>
      <Extensions>cpp;c;cc;cxx;c++;cppm;ixx;def;odl;idl;hpj;bat;asm;asmx</Extensions>
    </Filter>
    <Filter Include="Header Files">
      <UniqueIdentifier>{93995380-89BD-4b04-88EB-625FBE52EBFB}</UniqueIdentifier>
      <Extensions>h;hh;hpp;hxx;h++;hm;inl;inc;ipp;xsd</Extensions>
    </Filter>
    <Filter Include="Resource Files">
      <UniqueIdentifier>{67DA6AB6-F800-4c08-8B7A-83BB121AAD01}</UniqueIdentifier>
      <Extensions>rc;ico;cur;bmp;dlg;rc2;rct;bin;rgs;gif;jpg;jpeg;jpe;resx;tiff;tif;png;wav;mfcribbon-ms</Extensions>
    </Filter>
    <Filter Include="Header Files\Plush">
      <UniqueIdentifier>{60bd4f54-a33c-49fa-977d-40c61d13ec29}</UniqueIdentifier>
    </Filter>
    <Filter Include="Source Files\Plush">
      <UniqueIdentifier>{340d8c6a-50d6-4989-b5bc-70331f3cca39}</UniqueIdentifier>
    </Filter>
    <Filter Include="Header Files\Utilieies">
      <UniqueIdentifier>{2a1a0f72-64dd-4259-8f01-5c573b18e068}</UniqueIdentifier>
    </Filter>
    <Filter Include="Source Files\Utilities">
      <UniqueIdentifier>{c4ef9444-d147-4842-bc89-5d31275537cd}</UniqueIdentifier>
    </Filter>
  </ItemGroup>
  <ItemGroup>
    <ClCompile Include="Utilities\String.cpp">
      <Filter>Source Files\Utilities</Filter>
    </ClCompile>
    <ClCompile Include="Plush\Environment.cpp">
      <Filter>Source Files\Plush</Filter>
    </ClCompile>
    <ClCompile Include="Plush\Processor.cpp">
      <Filter>Source Files\Plush</Filter>
    </ClCompile>
    <ClCompile Include="PlushModule.cpp">
      <Filter>Source Files</Filter>
    </ClCompile>
  </ItemGroup>
  <ItemGroup>
    <ClInclude Include="Plush\Environment.h">
      <Filter>Header Files\Plush</Filter>
    </ClInclude>
    <ClInclude Include="Plush\Processor.h">
      <Filter>Header Files\Plush</Filter>
    </ClInclude>
  </ItemGroup>
</Project>